
Microsoft Visual Studio Solution File, Format Version 12.00
# Visual Studio Version 16
VisualStudioVersion = 16.0.28803.352
MinimumVisualStudioVersion = 10.0.40219.1
Project("{FAE04EC0-301F-11D3-BF4B-00C04F79EFBC}") = "Analyzer", "Analyzer\Analyzer.csproj", "{A98571A6-C468-4611-83FA-7472C2A7D1FA}"
EndProject
Global
	GlobalSection(SolutionConfigurationPlatforms) = preSolution
		Debug|Any CPU = Debug|Any CPU
		Release|Any CPU = Release|Any CPU
	EndGlobalSection
	GlobalSection(ProjectConfigurationPlatforms) = postSolution
		{A98571A6-C468-4611-83FA-7472C2A7D1FA}.Debug|Any CPU.ActiveCfg = Debug|Any CPU
		{A98571A6-C468-4611-83FA-7472C2A7D1FA}.Debug|Any CPU.Build.0 = Debug|Any CPU
		{A98571A6-C468-4611-83FA-7472C2A7D1FA}.Release|Any CPU.ActiveCfg = Release|Any CPU
		{A98571A6-C468-4611-83FA-7472C2A7D1FA}.Release|Any CPU.Build.0 = Release|Any CPU
	EndGlobalSection
	GlobalSection(SolutionProperties) = preSolution
		HideSolutionNode = FALSE
	EndGlobalSection
	GlobalSection(ExtensibilityGlobals) = postSolution
		SolutionGuid = {5D60B926-A99D-40F4-8C24-6805E82CAD9B}
	EndGlobalSection
EndGlobal
